// !$*UTF8*$!
{
	archiveVersion = 1;
	classes = {
	};
	objectVersion = 56;
	objects = {

/* Begin PBXBuildFile section */
		09A90145B10EE82D31B931E3 /* Pods_SearchApp_Kurly.framework in Frameworks */ = {isa = PBXBuildFile; fileRef = 7E06F93ADAD1297425748888 /* Pods_SearchApp_Kurly.framework */; };
		2175D8C6D40DB6468A4AE6AA /* Pods_SearchApp_Kurly_SearchApp_KurlyUITests.framework in Frameworks */ = {isa = PBXBuildFile; fileRef = 0F9E5D832650EB9F94E6E3C7 /* Pods_SearchApp_Kurly_SearchApp_KurlyUITests.framework */; };
		2434219EA313724E9611C4CA /* Pods_SearchApp_KurlyTests.framework in Frameworks */ = {isa = PBXBuildFile; fileRef = 2710758E3019A5C34D6F35FE /* Pods_SearchApp_KurlyTests.framework */; };
		5C7C6EB02BC2847A00B35A6B /* ReuseIndicationCell.swift in Sources */ = {isa = PBXBuildFile; fileRef = 5C7C6EAF2BC2847A00B35A6B /* ReuseIndicationCell.swift */; };
		5CA3253B2BC1D03000494156 /* AppDelegate.swift in Sources */ = {isa = PBXBuildFile; fileRef = 5CA3253A2BC1D03000494156 /* AppDelegate.swift */; };
		5CA3253D2BC1D03000494156 /* SceneDelegate.swift in Sources */ = {isa = PBXBuildFile; fileRef = 5CA3253C2BC1D03000494156 /* SceneDelegate.swift */; };
		5CA3253F2BC1D03000494156 /* SearchViewController.swift in Sources */ = {isa = PBXBuildFile; fileRef = 5CA3253E2BC1D03000494156 /* SearchViewController.swift */; };
		5CA325442BC1D03100494156 /* Assets.xcassets in Resources */ = {isa = PBXBuildFile; fileRef = 5CA325432BC1D03100494156 /* Assets.xcassets */; };
		5CA325472BC1D03100494156 /* Base in Resources */ = {isa = PBXBuildFile; fileRef = 5CA325462BC1D03100494156 /* Base */; };
		5CA325522BC1D03100494156 /* SearchApp_KurlyTests.swift in Sources */ = {isa = PBXBuildFile; fileRef = 5CA325512BC1D03100494156 /* SearchApp_KurlyTests.swift */; };
		5CA3255C2BC1D03100494156 /* SearchApp_KurlyUITests.swift in Sources */ = {isa = PBXBuildFile; fileRef = 5CA3255B2BC1D03100494156 /* SearchApp_KurlyUITests.swift */; };
		5CA3255E2BC1D03100494156 /* SearchApp_KurlyUITestsLaunchTests.swift in Sources */ = {isa = PBXBuildFile; fileRef = 5CA3255D2BC1D03100494156 /* SearchApp_KurlyUITestsLaunchTests.swift */; };
		5CDACCD72BC1DCD100A11F19 /* Colors.xcassets in Resources */ = {isa = PBXBuildFile; fileRef = 5CDACCD62BC1DCD100A11F19 /* Colors.xcassets */; };
		5CDACCD92BC1E22B00A11F19 /* RecentSearchCell.swift in Sources */ = {isa = PBXBuildFile; fileRef = 5CDACCD82BC1E22B00A11F19 /* RecentSearchCell.swift */; };
		5CDACCDC2BC1F04F00A11F19 /* RecentSearchTermModel.swift in Sources */ = {isa = PBXBuildFile; fileRef = 5CDACCDB2BC1F04F00A11F19 /* RecentSearchTermModel.swift */; };
		5CDACCDE2BC1F05500A11F19 /* Repository.swift in Sources */ = {isa = PBXBuildFile; fileRef = 5CDACCDD2BC1F05500A11F19 /* Repository.swift */; };
		5CDACCE12BC1F0A800A11F19 /* SearchViewModel.swift in Sources */ = {isa = PBXBuildFile; fileRef = 5CDACCE02BC1F0A800A11F19 /* SearchViewModel.swift */; };
		5CDACCE32BC1F19800A11F19 /* SearchTermRealmUseCase.swift in Sources */ = {isa = PBXBuildFile; fileRef = 5CDACCE22BC1F19800A11F19 /* SearchTermRealmUseCase.swift */; };
		5CDACCE52BC2386900A11F19 /* RecentSearchFooterViewCell.swift in Sources */ = {isa = PBXBuildFile; fileRef = 5CDACCE42BC2386900A11F19 /* RecentSearchFooterViewCell.swift */; };
		5CDACCE72BC23FED00A11F19 /* RecentSearchHeaderViewCell.swift in Sources */ = {isa = PBXBuildFile; fileRef = 5CDACCE62BC23FED00A11F19 /* RecentSearchHeaderViewCell.swift */; };
		5CDACCEB2BC243B200A11F19 /* CompareSearchCell.swift in Sources */ = {isa = PBXBuildFile; fileRef = 5CDACCEA2BC243B200A11F19 /* CompareSearchCell.swift */; };
		5CDBAE8A2BC259B60099E31D /* ResultSearchCell.swift in Sources */ = {isa = PBXBuildFile; fileRef = 5CDBAE892BC259B60099E31D /* ResultSearchCell.swift */; };
		5CDBAE8C2BC25EA40099E31D /* RepositoryResponseDTO.swift in Sources */ = {isa = PBXBuildFile; fileRef = 5CDBAE8B2BC25EA40099E31D /* RepositoryResponseDTO.swift */; };
		5CDBAE8E2BC25EAE0099E31D /* GitHubSearchAPIRepository.swift in Sources */ = {isa = PBXBuildFile; fileRef = 5CDBAE8D2BC25EAE0099E31D /* GitHubSearchAPIRepository.swift */; };
		5CDBAE952BC25F550099E31D /* GitHubSearchUseCase.swift in Sources */ = {isa = PBXBuildFile; fileRef = 5CDBAE942BC25F550099E31D /* GitHubSearchUseCase.swift */; };
		5CDBAE972BC27CAE0099E31D /* WebViewController.swift in Sources */ = {isa = PBXBuildFile; fileRef = 5CDBAE962BC27CAE0099E31D /* WebViewController.swift */; };
		5CDBAE9F2BC281D00099E31D /* Constants.swift in Sources */ = {isa = PBXBuildFile; fileRef = 5CDBAE9E2BC281D00099E31D /* Constants.swift */; };
		5CDBAEA12BC281DD0099E31D /* UITableView+Extension.swift in Sources */ = {isa = PBXBuildFile; fileRef = 5CDBAEA02BC281DD0099E31D /* UITableView+Extension.swift */; };
/* End PBXBuildFile section */

/* Begin PBXContainerItemProxy section */
		5CA3254E2BC1D03100494156 /* PBXContainerItemProxy */ = {
			isa = PBXContainerItemProxy;
			containerPortal = 5CA3252F2BC1D03000494156 /* Project object */;
			proxyType = 1;
			remoteGlobalIDString = 5CA325362BC1D03000494156;
			remoteInfo = SearchApp_Kurly;
		};
		5CA325582BC1D03100494156 /* PBXContainerItemProxy */ = {
			isa = PBXContainerItemProxy;
			containerPortal = 5CA3252F2BC1D03000494156 /* Project object */;
			proxyType = 1;
			remoteGlobalIDString = 5CA325362BC1D03000494156;
			remoteInfo = SearchApp_Kurly;
		};
/* End PBXContainerItemProxy section */

/* Begin PBXFileReference section */
		0B5E12B76DBF173C1420C323 /* Pods-SearchApp_Kurly-SearchApp_KurlyUITests.debug.xcconfig */ = {isa = PBXFileReference; includeInIndex = 1; lastKnownFileType = text.xcconfig; name = "Pods-SearchApp_Kurly-SearchApp_KurlyUITests.debug.xcconfig"; path = "Target Support Files/Pods-SearchApp_Kurly-SearchApp_KurlyUITests/Pods-SearchApp_Kurly-SearchApp_KurlyUITests.debug.xcconfig"; sourceTree = "<group>"; };
		0F9E5D832650EB9F94E6E3C7 /* Pods_SearchApp_Kurly_SearchApp_KurlyUITests.framework */ = {isa = PBXFileReference; explicitFileType = wrapper.framework; includeInIndex = 0; path = Pods_SearchApp_Kurly_SearchApp_KurlyUITests.framework; sourceTree = BUILT_PRODUCTS_DIR; };
		2710758E3019A5C34D6F35FE /* Pods_SearchApp_KurlyTests.framework */ = {isa = PBXFileReference; explicitFileType = wrapper.framework; includeInIndex = 0; path = Pods_SearchApp_KurlyTests.framework; sourceTree = BUILT_PRODUCTS_DIR; };
		2AA7A32F8D6F156BC3F36688 /* Pods-SearchApp_KurlyTests.debug.xcconfig */ = {isa = PBXFileReference; includeInIndex = 1; lastKnownFileType = text.xcconfig; name = "Pods-SearchApp_KurlyTests.debug.xcconfig"; path = "Target Support Files/Pods-SearchApp_KurlyTests/Pods-SearchApp_KurlyTests.debug.xcconfig"; sourceTree = "<group>"; };
		2E1649E86BA677E57C39F8B4 /* Pods-SearchApp_Kurly.debug.xcconfig */ = {isa = PBXFileReference; includeInIndex = 1; lastKnownFileType = text.xcconfig; name = "Pods-SearchApp_Kurly.debug.xcconfig"; path = "Target Support Files/Pods-SearchApp_Kurly/Pods-SearchApp_Kurly.debug.xcconfig"; sourceTree = "<group>"; };
		574304737DE6AA4C066EDBE3 /* Pods-SearchApp_Kurly-SearchApp_KurlyUITests.release.xcconfig */ = {isa = PBXFileReference; includeInIndex = 1; lastKnownFileType = text.xcconfig; name = "Pods-SearchApp_Kurly-SearchApp_KurlyUITests.release.xcconfig"; path = "Target Support Files/Pods-SearchApp_Kurly-SearchApp_KurlyUITests/Pods-SearchApp_Kurly-SearchApp_KurlyUITests.release.xcconfig"; sourceTree = "<group>"; };
		5C7C6EAF2BC2847A00B35A6B /* ReuseIndicationCell.swift */ = {isa = PBXFileReference; lastKnownFileType = sourcecode.swift; path = ReuseIndicationCell.swift; sourceTree = "<group>"; };
		5CA325372BC1D03000494156 /* SearchApp_Kurly.app */ = {isa = PBXFileReference; explicitFileType = wrapper.application; includeInIndex = 0; path = SearchApp_Kurly.app; sourceTree = BUILT_PRODUCTS_DIR; };
		5CA3253A2BC1D03000494156 /* AppDelegate.swift */ = {isa = PBXFileReference; lastKnownFileType = sourcecode.swift; path = AppDelegate.swift; sourceTree = "<group>"; };
		5CA3253C2BC1D03000494156 /* SceneDelegate.swift */ = {isa = PBXFileReference; lastKnownFileType = sourcecode.swift; path = SceneDelegate.swift; sourceTree = "<group>"; };
		5CA3253E2BC1D03000494156 /* SearchViewController.swift */ = {isa = PBXFileReference; lastKnownFileType = sourcecode.swift; path = SearchViewController.swift; sourceTree = "<group>"; };
		5CA325432BC1D03100494156 /* Assets.xcassets */ = {isa = PBXFileReference; lastKnownFileType = folder.assetcatalog; path = Assets.xcassets; sourceTree = "<group>"; };
		5CA325462BC1D03100494156 /* Base */ = {isa = PBXFileReference; lastKnownFileType = file.storyboard; name = Base; path = Base.lproj/LaunchScreen.storyboard; sourceTree = "<group>"; };
		5CA325482BC1D03100494156 /* Info.plist */ = {isa = PBXFileReference; lastKnownFileType = text.plist.xml; path = Info.plist; sourceTree = "<group>"; };
		5CA3254D2BC1D03100494156 /* SearchApp_KurlyTests.xctest */ = {isa = PBXFileReference; explicitFileType = wrapper.cfbundle; includeInIndex = 0; path = SearchApp_KurlyTests.xctest; sourceTree = BUILT_PRODUCTS_DIR; };
		5CA325512BC1D03100494156 /* SearchApp_KurlyTests.swift */ = {isa = PBXFileReference; lastKnownFileType = sourcecode.swift; path = SearchApp_KurlyTests.swift; sourceTree = "<group>"; };
		5CA325572BC1D03100494156 /* SearchApp_KurlyUITests.xctest */ = {isa = PBXFileReference; explicitFileType = wrapper.cfbundle; includeInIndex = 0; path = SearchApp_KurlyUITests.xctest; sourceTree = BUILT_PRODUCTS_DIR; };
		5CA3255B2BC1D03100494156 /* SearchApp_KurlyUITests.swift */ = {isa = PBXFileReference; lastKnownFileType = sourcecode.swift; path = SearchApp_KurlyUITests.swift; sourceTree = "<group>"; };
		5CA3255D2BC1D03100494156 /* SearchApp_KurlyUITestsLaunchTests.swift */ = {isa = PBXFileReference; lastKnownFileType = sourcecode.swift; path = SearchApp_KurlyUITestsLaunchTests.swift; sourceTree = "<group>"; };
		5CDACCD62BC1DCD100A11F19 /* Colors.xcassets */ = {isa = PBXFileReference; lastKnownFileType = folder.assetcatalog; path = Colors.xcassets; sourceTree = "<group>"; };
		5CDACCD82BC1E22B00A11F19 /* RecentSearchCell.swift */ = {isa = PBXFileReference; lastKnownFileType = sourcecode.swift; path = RecentSearchCell.swift; sourceTree = "<group>"; };
		5CDACCDB2BC1F04F00A11F19 /* RecentSearchTermModel.swift */ = {isa = PBXFileReference; fileEncoding = 4; lastKnownFileType = sourcecode.swift; path = RecentSearchTermModel.swift; sourceTree = "<group>"; };
		5CDACCDD2BC1F05500A11F19 /* Repository.swift */ = {isa = PBXFileReference; fileEncoding = 4; lastKnownFileType = sourcecode.swift; path = Repository.swift; sourceTree = "<group>"; };
		5CDACCE02BC1F0A800A11F19 /* SearchViewModel.swift */ = {isa = PBXFileReference; lastKnownFileType = sourcecode.swift; path = SearchViewModel.swift; sourceTree = "<group>"; };
		5CDACCE22BC1F19800A11F19 /* SearchTermRealmUseCase.swift */ = {isa = PBXFileReference; lastKnownFileType = sourcecode.swift; path = SearchTermRealmUseCase.swift; sourceTree = "<group>"; };
		5CDACCE42BC2386900A11F19 /* RecentSearchFooterViewCell.swift */ = {isa = PBXFileReference; lastKnownFileType = sourcecode.swift; path = RecentSearchFooterViewCell.swift; sourceTree = "<group>"; };
		5CDACCE62BC23FED00A11F19 /* RecentSearchHeaderViewCell.swift */ = {isa = PBXFileReference; lastKnownFileType = sourcecode.swift; path = RecentSearchHeaderViewCell.swift; sourceTree = "<group>"; };
		5CDACCEA2BC243B200A11F19 /* CompareSearchCell.swift */ = {isa = PBXFileReference; lastKnownFileType = sourcecode.swift; path = CompareSearchCell.swift; sourceTree = "<group>"; };
		5CDBAE892BC259B60099E31D /* ResultSearchCell.swift */ = {isa = PBXFileReference; lastKnownFileType = sourcecode.swift; path = ResultSearchCell.swift; sourceTree = "<group>"; };
		5CDBAE8B2BC25EA40099E31D /* RepositoryResponseDTO.swift */ = {isa = PBXFileReference; fileEncoding = 4; lastKnownFileType = sourcecode.swift; path = RepositoryResponseDTO.swift; sourceTree = "<group>"; };
		5CDBAE8D2BC25EAE0099E31D /* GitHubSearchAPIRepository.swift */ = {isa = PBXFileReference; fileEncoding = 4; lastKnownFileType = sourcecode.swift; path = GitHubSearchAPIRepository.swift; sourceTree = "<group>"; };
		5CDBAE942BC25F550099E31D /* GitHubSearchUseCase.swift */ = {isa = PBXFileReference; fileEncoding = 4; lastKnownFileType = sourcecode.swift; path = GitHubSearchUseCase.swift; sourceTree = "<group>"; };
		5CDBAE962BC27CAE0099E31D /* WebViewController.swift */ = {isa = PBXFileReference; fileEncoding = 4; lastKnownFileType = sourcecode.swift; path = WebViewController.swift; sourceTree = "<group>"; };
		5CDBAE9E2BC281D00099E31D /* Constants.swift */ = {isa = PBXFileReference; lastKnownFileType = sourcecode.swift; path = Constants.swift; sourceTree = "<group>"; };
		5CDBAEA02BC281DD0099E31D /* UITableView+Extension.swift */ = {isa = PBXFileReference; lastKnownFileType = sourcecode.swift; path = "UITableView+Extension.swift"; sourceTree = "<group>"; };
		7E06F93ADAD1297425748888 /* Pods_SearchApp_Kurly.framework */ = {isa = PBXFileReference; explicitFileType = wrapper.framework; includeInIndex = 0; path = Pods_SearchApp_Kurly.framework; sourceTree = BUILT_PRODUCTS_DIR; };
		A1507969E636948091D750F6 /* Pods-SearchApp_KurlyTests.release.xcconfig */ = {isa = PBXFileReference; includeInIndex = 1; lastKnownFileType = text.xcconfig; name = "Pods-SearchApp_KurlyTests.release.xcconfig"; path = "Target Support Files/Pods-SearchApp_KurlyTests/Pods-SearchApp_KurlyTests.release.xcconfig"; sourceTree = "<group>"; };
		F3CA30D48EB559D8FE39BA96 /* Pods-SearchApp_Kurly.release.xcconfig */ = {isa = PBXFileReference; includeInIndex = 1; lastKnownFileType = text.xcconfig; name = "Pods-SearchApp_Kurly.release.xcconfig"; path = "Target Support Files/Pods-SearchApp_Kurly/Pods-SearchApp_Kurly.release.xcconfig"; sourceTree = "<group>"; };
/* End PBXFileReference section */

/* Begin PBXFrameworksBuildPhase section */
		5CA325342BC1D03000494156 /* Frameworks */ = {
			isa = PBXFrameworksBuildPhase;
			buildActionMask = 2147483647;
			files = (
				09A90145B10EE82D31B931E3 /* Pods_SearchApp_Kurly.framework in Frameworks */,
			);
			runOnlyForDeploymentPostprocessing = 0;
		};
		5CA3254A2BC1D03100494156 /* Frameworks */ = {
			isa = PBXFrameworksBuildPhase;
			buildActionMask = 2147483647;
			files = (
				2434219EA313724E9611C4CA /* Pods_SearchApp_KurlyTests.framework in Frameworks */,
			);
			runOnlyForDeploymentPostprocessing = 0;
		};
		5CA325542BC1D03100494156 /* Frameworks */ = {
			isa = PBXFrameworksBuildPhase;
			buildActionMask = 2147483647;
			files = (
				2175D8C6D40DB6468A4AE6AA /* Pods_SearchApp_Kurly_SearchApp_KurlyUITests.framework in Frameworks */,
			);
			runOnlyForDeploymentPostprocessing = 0;
		};
/* End PBXFrameworksBuildPhase section */

/* Begin PBXGroup section */
		0749FB3B790B83234C6D1072 /* Frameworks */ = {
			isa = PBXGroup;
			children = (
				7E06F93ADAD1297425748888 /* Pods_SearchApp_Kurly.framework */,
				0F9E5D832650EB9F94E6E3C7 /* Pods_SearchApp_Kurly_SearchApp_KurlyUITests.framework */,
				2710758E3019A5C34D6F35FE /* Pods_SearchApp_KurlyTests.framework */,
			);
			name = Frameworks;
			sourceTree = "<group>";
		};
		5CA3252E2BC1D03000494156 = {
			isa = PBXGroup;
			children = (
				5CA325392BC1D03000494156 /* SearchApp_Kurly */,
				5CA325502BC1D03100494156 /* SearchApp_KurlyTests */,
				5CA3255A2BC1D03100494156 /* SearchApp_KurlyUITests */,
				5CA325382BC1D03000494156 /* Products */,
				D1546D5F88846B39FE60A32B /* Pods */,
				0749FB3B790B83234C6D1072 /* Frameworks */,
			);
			sourceTree = "<group>";
		};
		5CA325382BC1D03000494156 /* Products */ = {
			isa = PBXGroup;
			children = (
				5CA325372BC1D03000494156 /* SearchApp_Kurly.app */,
				5CA3254D2BC1D03100494156 /* SearchApp_KurlyTests.xctest */,
				5CA325572BC1D03100494156 /* SearchApp_KurlyUITests.xctest */,
			);
			name = Products;
			sourceTree = "<group>";
		};
		5CA325392BC1D03000494156 /* SearchApp_Kurly */ = {
			isa = PBXGroup;
			children = (
				5CDBAE9D2BC281BA0099E31D /* Common */,
				5CDACCB02BC1D88A00A11F19 /* Application */,
				5CDACCB12BC1D89B00A11F19 /* Presentation */,
				5CDACCB32BC1D8C500A11F19 /* Data */,
				5CDACCB22BC1D8C000A11F19 /* Domain */,
				5CDACCAE2BC1D80F00A11F19 /* Resources */,
			);
			path = SearchApp_Kurly;
			sourceTree = "<group>";
		};
		5CA325502BC1D03100494156 /* SearchApp_KurlyTests */ = {
			isa = PBXGroup;
			children = (
				5CA325512BC1D03100494156 /* SearchApp_KurlyTests.swift */,
			);
			path = SearchApp_KurlyTests;
			sourceTree = "<group>";
		};
		5CA3255A2BC1D03100494156 /* SearchApp_KurlyUITests */ = {
			isa = PBXGroup;
			children = (
				5CA3255B2BC1D03100494156 /* SearchApp_KurlyUITests.swift */,
				5CA3255D2BC1D03100494156 /* SearchApp_KurlyUITestsLaunchTests.swift */,
			);
			path = SearchApp_KurlyUITests;
			sourceTree = "<group>";
		};
		5CDACCAE2BC1D80F00A11F19 /* Resources */ = {
			isa = PBXGroup;
			children = (
				5CDACCD62BC1DCD100A11F19 /* Colors.xcassets */,
				5CA325432BC1D03100494156 /* Assets.xcassets */,
				5CA325452BC1D03100494156 /* LaunchScreen.storyboard */,
				5CA325482BC1D03100494156 /* Info.plist */,
			);
			path = Resources;
			sourceTree = "<group>";
		};
		5CDACCAF2BC1D88300A11F19 /* Views */ = {
			isa = PBXGroup;
			children = (
				5CDBAE962BC27CAE0099E31D /* WebViewController.swift */,
				5CA3253E2BC1D03000494156 /* SearchViewController.swift */,
				5CDACCE92BC2439800A11F19 /* CompareSearchCell */,
				5CDACCE82BC2433D00A11F19 /* RecentSearchCell */,
				5CDBAE882BC259670099E31D /* ResultSearchCell */,
			);
			path = Views;
			sourceTree = "<group>";
		};
		5CDACCB02BC1D88A00A11F19 /* Application */ = {
			isa = PBXGroup;
			children = (
				5CA3253A2BC1D03000494156 /* AppDelegate.swift */,
				5CA3253C2BC1D03000494156 /* SceneDelegate.swift */,
			);
			path = Application;
			sourceTree = "<group>";
		};
		5CDACCB12BC1D89B00A11F19 /* Presentation */ = {
			isa = PBXGroup;
			children = (
				5CDACCDF2BC1F09700A11F19 /* VIewModels */,
				5CDACCAF2BC1D88300A11F19 /* Views */,
			);
			path = Presentation;
			sourceTree = "<group>";
		};
		5CDACCB22BC1D8C000A11F19 /* Domain */ = {
			isa = PBXGroup;
			children = (
				5CDACCB42BC1D8CE00A11F19 /* Entities */,
				5CDACCB62BC1D8E500A11F19 /* Repositories */,
				5CDACCB52BC1D8D800A11F19 /* UseCases */,
			);
			path = Domain;
			sourceTree = "<group>";
		};
		5CDACCB32BC1D8C500A11F19 /* Data */ = {
			isa = PBXGroup;
			children = (
				5CDACCDA2BC1F02100A11F19 /* Models */,
			);
			path = Data;
			sourceTree = "<group>";
		};
		5CDACCB42BC1D8CE00A11F19 /* Entities */ = {
			isa = PBXGroup;
			children = (
				5CDBAE8B2BC25EA40099E31D /* RepositoryResponseDTO.swift */,
			);
			path = Entities;
			sourceTree = "<group>";
		};
		5CDACCB52BC1D8D800A11F19 /* UseCases */ = {
			isa = PBXGroup;
			children = (
				5CDACCE22BC1F19800A11F19 /* SearchTermRealmUseCase.swift */,
				5CDBAE942BC25F550099E31D /* GitHubSearchUseCase.swift */,
			);
			path = UseCases;
			sourceTree = "<group>";
		};
		5CDACCB62BC1D8E500A11F19 /* Repositories */ = {
			isa = PBXGroup;
			children = (
				5CDBAE8D2BC25EAE0099E31D /* GitHubSearchAPIRepository.swift */,
			);
			path = Repositories;
			sourceTree = "<group>";
		};
		5CDACCDA2BC1F02100A11F19 /* Models */ = {
			isa = PBXGroup;
			children = (
				5CDACCDB2BC1F04F00A11F19 /* RecentSearchTermModel.swift */,
				5CDACCDD2BC1F05500A11F19 /* Repository.swift */,
			);
			path = Models;
			sourceTree = "<group>";
		};
		5CDACCDF2BC1F09700A11F19 /* VIewModels */ = {
			isa = PBXGroup;
			children = (
				5CDACCE02BC1F0A800A11F19 /* SearchViewModel.swift */,
			);
			path = VIewModels;
			sourceTree = "<group>";
		};
		5CDACCE82BC2433D00A11F19 /* RecentSearchCell */ = {
			isa = PBXGroup;
			children = (
				5CDACCD82BC1E22B00A11F19 /* RecentSearchCell.swift */,
				5CDACCE62BC23FED00A11F19 /* RecentSearchHeaderViewCell.swift */,
				5CDACCE42BC2386900A11F19 /* RecentSearchFooterViewCell.swift */,
			);
			path = RecentSearchCell;
			sourceTree = "<group>";
		};
		5CDACCE92BC2439800A11F19 /* CompareSearchCell */ = {
			isa = PBXGroup;
			children = (
				5CDACCEA2BC243B200A11F19 /* CompareSearchCell.swift */,
			);
			path = CompareSearchCell;
			sourceTree = "<group>";
		};
		5CDBAE882BC259670099E31D /* ResultSearchCell */ = {
			isa = PBXGroup;
			children = (
				5CDBAE892BC259B60099E31D /* ResultSearchCell.swift */,
				5C7C6EAF2BC2847A00B35A6B /* ReuseIndicationCell.swift */,
			);
			path = ResultSearchCell;
			sourceTree = "<group>";
		};
		5CDBAE9D2BC281BA0099E31D /* Common */ = {
			isa = PBXGroup;
			children = (
				5CDBAE9E2BC281D00099E31D /* Constants.swift */,
				5CDBAEA02BC281DD0099E31D /* UITableView+Extension.swift */,
			);
			path = Common;
			sourceTree = "<group>";
		};
		D1546D5F88846B39FE60A32B /* Pods */ = {
			isa = PBXGroup;
			children = (
				2E1649E86BA677E57C39F8B4 /* Pods-SearchApp_Kurly.debug.xcconfig */,
				F3CA30D48EB559D8FE39BA96 /* Pods-SearchApp_Kurly.release.xcconfig */,
				0B5E12B76DBF173C1420C323 /* Pods-SearchApp_Kurly-SearchApp_KurlyUITests.debug.xcconfig */,
				574304737DE6AA4C066EDBE3 /* Pods-SearchApp_Kurly-SearchApp_KurlyUITests.release.xcconfig */,
				2AA7A32F8D6F156BC3F36688 /* Pods-SearchApp_KurlyTests.debug.xcconfig */,
				A1507969E636948091D750F6 /* Pods-SearchApp_KurlyTests.release.xcconfig */,
			);
			path = Pods;
			sourceTree = "<group>";
		};
/* End PBXGroup section */

/* Begin PBXNativeTarget section */
		5CA325362BC1D03000494156 /* SearchApp_Kurly */ = {
			isa = PBXNativeTarget;
			buildConfigurationList = 5CA325612BC1D03100494156 /* Build configuration list for PBXNativeTarget "SearchApp_Kurly" */;
			buildPhases = (
				BF54487EA629BE604DBA596A /* [CP] Check Pods Manifest.lock */,
				5CA325332BC1D03000494156 /* Sources */,
				5CA325342BC1D03000494156 /* Frameworks */,
				5CA325352BC1D03000494156 /* Resources */,
				858EDF2010259380EA76C6F4 /* [CP] Embed Pods Frameworks */,
			);
			buildRules = (
			);
			dependencies = (
			);
			name = SearchApp_Kurly;
			productName = SearchApp_Kurly;
			productReference = 5CA325372BC1D03000494156 /* SearchApp_Kurly.app */;
			productType = "com.apple.product-type.application";
		};
		5CA3254C2BC1D03100494156 /* SearchApp_KurlyTests */ = {
			isa = PBXNativeTarget;
			buildConfigurationList = 5CA325642BC1D03100494156 /* Build configuration list for PBXNativeTarget "SearchApp_KurlyTests" */;
			buildPhases = (
				3F55A3459BABC00F03C6C935 /* [CP] Check Pods Manifest.lock */,
				5CA325492BC1D03100494156 /* Sources */,
				5CA3254A2BC1D03100494156 /* Frameworks */,
				5CA3254B2BC1D03100494156 /* Resources */,
			);
			buildRules = (
			);
			dependencies = (
				5CA3254F2BC1D03100494156 /* PBXTargetDependency */,
			);
			name = SearchApp_KurlyTests;
			productName = SearchApp_KurlyTests;
			productReference = 5CA3254D2BC1D03100494156 /* SearchApp_KurlyTests.xctest */;
			productType = "com.apple.product-type.bundle.unit-test";
		};
		5CA325562BC1D03100494156 /* SearchApp_KurlyUITests */ = {
			isa = PBXNativeTarget;
			buildConfigurationList = 5CA325672BC1D03100494156 /* Build configuration list for PBXNativeTarget "SearchApp_KurlyUITests" */;
			buildPhases = (
				56F6903E413BC0D9E5509B36 /* [CP] Check Pods Manifest.lock */,
				5CA325532BC1D03100494156 /* Sources */,
				5CA325542BC1D03100494156 /* Frameworks */,
				5CA325552BC1D03100494156 /* Resources */,
				A96DB65C4AEBD22F9AC1D0B2 /* [CP] Embed Pods Frameworks */,
			);
			buildRules = (
			);
			dependencies = (
				5CA325592BC1D03100494156 /* PBXTargetDependency */,
			);
			name = SearchApp_KurlyUITests;
			productName = SearchApp_KurlyUITests;
			productReference = 5CA325572BC1D03100494156 /* SearchApp_KurlyUITests.xctest */;
			productType = "com.apple.product-type.bundle.ui-testing";
		};
/* End PBXNativeTarget section */

/* Begin PBXProject section */
		5CA3252F2BC1D03000494156 /* Project object */ = {
			isa = PBXProject;
			attributes = {
				BuildIndependentTargetsInParallel = 1;
				LastSwiftUpdateCheck = 1530;
				LastUpgradeCheck = 1530;
				TargetAttributes = {
					5CA325362BC1D03000494156 = {
						CreatedOnToolsVersion = 15.3;
					};
					5CA3254C2BC1D03100494156 = {
						CreatedOnToolsVersion = 15.3;
						TestTargetID = 5CA325362BC1D03000494156;
					};
					5CA325562BC1D03100494156 = {
						CreatedOnToolsVersion = 15.3;
						TestTargetID = 5CA325362BC1D03000494156;
					};
				};
			};
			buildConfigurationList = 5CA325322BC1D03000494156 /* Build configuration list for PBXProject "SearchApp_Kurly" */;
			compatibilityVersion = "Xcode 14.0";
			developmentRegion = en;
			hasScannedForEncodings = 0;
			knownRegions = (
				en,
				Base,
			);
			mainGroup = 5CA3252E2BC1D03000494156;
			productRefGroup = 5CA325382BC1D03000494156 /* Products */;
			projectDirPath = "";
			projectRoot = "";
			targets = (
				5CA325362BC1D03000494156 /* SearchApp_Kurly */,
				5CA3254C2BC1D03100494156 /* SearchApp_KurlyTests */,
				5CA325562BC1D03100494156 /* SearchApp_KurlyUITests */,
			);
		};
/* End PBXProject section */

/* Begin PBXResourcesBuildPhase section */
		5CA325352BC1D03000494156 /* Resources */ = {
			isa = PBXResourcesBuildPhase;
			buildActionMask = 2147483647;
			files = (
				5CA325442BC1D03100494156 /* Assets.xcassets in Resources */,
				5CA325472BC1D03100494156 /* Base in Resources */,
				5CDACCD72BC1DCD100A11F19 /* Colors.xcassets in Resources */,
			);
			runOnlyForDeploymentPostprocessing = 0;
		};
		5CA3254B2BC1D03100494156 /* Resources */ = {
			isa = PBXResourcesBuildPhase;
			buildActionMask = 2147483647;
			files = (
			);
			runOnlyForDeploymentPostprocessing = 0;
		};
		5CA325552BC1D03100494156 /* Resources */ = {
			isa = PBXResourcesBuildPhase;
			buildActionMask = 2147483647;
			files = (
			);
			runOnlyForDeploymentPostprocessing = 0;
		};
/* End PBXResourcesBuildPhase section */

/* Begin PBXShellScriptBuildPhase section */
		3F55A3459BABC00F03C6C935 /* [CP] Check Pods Manifest.lock */ = {
			isa = PBXShellScriptBuildPhase;
			buildActionMask = 2147483647;
			files = (
			);
			inputFileListPaths = (
			);
			inputPaths = (
				"${PODS_PODFILE_DIR_PATH}/Podfile.lock",
				"${PODS_ROOT}/Manifest.lock",
			);
			name = "[CP] Check Pods Manifest.lock";
			outputFileListPaths = (
			);
			outputPaths = (
				"$(DERIVED_FILE_DIR)/Pods-SearchApp_KurlyTests-checkManifestLockResult.txt",
			);
			runOnlyForDeploymentPostprocessing = 0;
			shellPath = /bin/sh;
			shellScript = "diff \"${PODS_PODFILE_DIR_PATH}/Podfile.lock\" \"${PODS_ROOT}/Manifest.lock\" > /dev/null\nif [ $? != 0 ] ; then\n    # print error to STDERR\n    echo \"error: The sandbox is not in sync with the Podfile.lock. Run 'pod install' or update your CocoaPods installation.\" >&2\n    exit 1\nfi\n# This output is used by Xcode 'outputs' to avoid re-running this script phase.\necho \"SUCCESS\" > \"${SCRIPT_OUTPUT_FILE_0}\"\n";
			showEnvVarsInLog = 0;
		};
		56F6903E413BC0D9E5509B36 /* [CP] Check Pods Manifest.lock */ = {
			isa = PBXShellScriptBuildPhase;
			buildActionMask = 2147483647;
			files = (
			);
			inputFileListPaths = (
			);
			inputPaths = (
				"${PODS_PODFILE_DIR_PATH}/Podfile.lock",
				"${PODS_ROOT}/Manifest.lock",
			);
			name = "[CP] Check Pods Manifest.lock";
			outputFileListPaths = (
			);
			outputPaths = (
				"$(DERIVED_FILE_DIR)/Pods-SearchApp_Kurly-SearchApp_KurlyUITests-checkManifestLockResult.txt",
			);
			runOnlyForDeploymentPostprocessing = 0;
			shellPath = /bin/sh;
			shellScript = "diff \"${PODS_PODFILE_DIR_PATH}/Podfile.lock\" \"${PODS_ROOT}/Manifest.lock\" > /dev/null\nif [ $? != 0 ] ; then\n    # print error to STDERR\n    echo \"error: The sandbox is not in sync with the Podfile.lock. Run 'pod install' or update your CocoaPods installation.\" >&2\n    exit 1\nfi\n# This output is used by Xcode 'outputs' to avoid re-running this script phase.\necho \"SUCCESS\" > \"${SCRIPT_OUTPUT_FILE_0}\"\n";
			showEnvVarsInLog = 0;
		};
		858EDF2010259380EA76C6F4 /* [CP] Embed Pods Frameworks */ = {
			isa = PBXShellScriptBuildPhase;
			buildActionMask = 2147483647;
			files = (
			);
			inputFileListPaths = (
				"${PODS_ROOT}/Target Support Files/Pods-SearchApp_Kurly/Pods-SearchApp_Kurly-frameworks-${CONFIGURATION}-input-files.xcfilelist",
			);
			name = "[CP] Embed Pods Frameworks";
			outputFileListPaths = (
				"${PODS_ROOT}/Target Support Files/Pods-SearchApp_Kurly/Pods-SearchApp_Kurly-frameworks-${CONFIGURATION}-output-files.xcfilelist",
			);
			runOnlyForDeploymentPostprocessing = 0;
			shellPath = /bin/sh;
			shellScript = "\"${PODS_ROOT}/Target Support Files/Pods-SearchApp_Kurly/Pods-SearchApp_Kurly-frameworks.sh\"\n";
			showEnvVarsInLog = 0;
		};
		A96DB65C4AEBD22F9AC1D0B2 /* [CP] Embed Pods Frameworks */ = {
			isa = PBXShellScriptBuildPhase;
			buildActionMask = 2147483647;
			files = (
			);
			inputFileListPaths = (
				"${PODS_ROOT}/Target Support Files/Pods-SearchApp_Kurly-SearchApp_KurlyUITests/Pods-SearchApp_Kurly-SearchApp_KurlyUITests-frameworks-${CONFIGURATION}-input-files.xcfilelist",
			);
			name = "[CP] Embed Pods Frameworks";
			outputFileListPaths = (
				"${PODS_ROOT}/Target Support Files/Pods-SearchApp_Kurly-SearchApp_KurlyUITests/Pods-SearchApp_Kurly-SearchApp_KurlyUITests-frameworks-${CONFIGURATION}-output-files.xcfilelist",
			);
			runOnlyForDeploymentPostprocessing = 0;
			shellPath = /bin/sh;
			shellScript = "\"${PODS_ROOT}/Target Support Files/Pods-SearchApp_Kurly-SearchApp_KurlyUITests/Pods-SearchApp_Kurly-SearchApp_KurlyUITests-frameworks.sh\"\n";
			showEnvVarsInLog = 0;
		};
		BF54487EA629BE604DBA596A /* [CP] Check Pods Manifest.lock */ = {
			isa = PBXShellScriptBuildPhase;
			buildActionMask = 2147483647;
			files = (
			);
			inputFileListPaths = (
			);
			inputPaths = (
				"${PODS_PODFILE_DIR_PATH}/Podfile.lock",
				"${PODS_ROOT}/Manifest.lock",
			);
			name = "[CP] Check Pods Manifest.lock";
			outputFileListPaths = (
			);
			outputPaths = (
				"$(DERIVED_FILE_DIR)/Pods-SearchApp_Kurly-checkManifestLockResult.txt",
			);
			runOnlyForDeploymentPostprocessing = 0;
			shellPath = /bin/sh;
			shellScript = "diff \"${PODS_PODFILE_DIR_PATH}/Podfile.lock\" \"${PODS_ROOT}/Manifest.lock\" > /dev/null\nif [ $? != 0 ] ; then\n    # print error to STDERR\n    echo \"error: The sandbox is not in sync with the Podfile.lock. Run 'pod install' or update your CocoaPods installation.\" >&2\n    exit 1\nfi\n# This output is used by Xcode 'outputs' to avoid re-running this script phase.\necho \"SUCCESS\" > \"${SCRIPT_OUTPUT_FILE_0}\"\n";
			showEnvVarsInLog = 0;
		};
/* End PBXShellScriptBuildPhase section */

/* Begin PBXSourcesBuildPhase section */
		5CA325332BC1D03000494156 /* Sources */ = {
			isa = PBXSourcesBuildPhase;
			buildActionMask = 2147483647;
			files = (
				5CDACCD92BC1E22B00A11F19 /* RecentSearchCell.swift in Sources */,
				5CDBAE9F2BC281D00099E31D /* Constants.swift in Sources */,
				5CDBAE972BC27CAE0099E31D /* WebViewController.swift in Sources */,
				5CDACCE12BC1F0A800A11F19 /* SearchViewModel.swift in Sources */,
				5CDBAE8A2BC259B60099E31D /* ResultSearchCell.swift in Sources */,
				5CDBAE8C2BC25EA40099E31D /* RepositoryResponseDTO.swift in Sources */,
				5CA3253F2BC1D03000494156 /* SearchViewController.swift in Sources */,
				5CA3253B2BC1D03000494156 /* AppDelegate.swift in Sources */,
				5CA3253D2BC1D03000494156 /* SceneDelegate.swift in Sources */,
				5CDBAE8E2BC25EAE0099E31D /* GitHubSearchAPIRepository.swift in Sources */,
				5CDACCE52BC2386900A11F19 /* RecentSearchFooterViewCell.swift in Sources */,
				5CDBAEA12BC281DD0099E31D /* UITableView+Extension.swift in Sources */,
				5C7C6EB02BC2847A00B35A6B /* ReuseIndicationCell.swift in Sources */,
				5CDBAE952BC25F550099E31D /* GitHubSearchUseCase.swift in Sources */,
				5CDACCE72BC23FED00A11F19 /* RecentSearchHeaderViewCell.swift in Sources */,
				5CDACCDC2BC1F04F00A11F19 /* RecentSearchTermModel.swift in Sources */,
				5CDACCDE2BC1F05500A11F19 /* Repository.swift in Sources */,
				5CDACCEB2BC243B200A11F19 /* CompareSearchCell.swift in Sources */,
				5CDACCE32BC1F19800A11F19 /* SearchTermRealmUseCase.swift in Sources */,
			);
			runOnlyForDeploymentPostprocessing = 0;
		};
		5CA325492BC1D03100494156 /* Sources */ = {
			isa = PBXSourcesBuildPhase;
			buildActionMask = 2147483647;
			files = (
				5CA325522BC1D03100494156 /* SearchApp_KurlyTests.swift in Sources */,
			);
			runOnlyForDeploymentPostprocessing = 0;
		};
		5CA325532BC1D03100494156 /* Sources */ = {
			isa = PBXSourcesBuildPhase;
			buildActionMask = 2147483647;
			files = (
				5CA3255E2BC1D03100494156 /* SearchApp_KurlyUITestsLaunchTests.swift in Sources */,
				5CA3255C2BC1D03100494156 /* SearchApp_KurlyUITests.swift in Sources */,
			);
			runOnlyForDeploymentPostprocessing = 0;
		};
/* End PBXSourcesBuildPhase section */

/* Begin PBXTargetDependency section */
		5CA3254F2BC1D03100494156 /* PBXTargetDependency */ = {
			isa = PBXTargetDependency;
			target = 5CA325362BC1D03000494156 /* SearchApp_Kurly */;
			targetProxy = 5CA3254E2BC1D03100494156 /* PBXContainerItemProxy */;
		};
		5CA325592BC1D03100494156 /* PBXTargetDependency */ = {
			isa = PBXTargetDependency;
			target = 5CA325362BC1D03000494156 /* SearchApp_Kurly */;
			targetProxy = 5CA325582BC1D03100494156 /* PBXContainerItemProxy */;
		};
/* End PBXTargetDependency section */

/* Begin PBXVariantGroup section */
		5CA325452BC1D03100494156 /* LaunchScreen.storyboard */ = {
			isa = PBXVariantGroup;
			children = (
				5CA325462BC1D03100494156 /* Base */,
			);
			name = LaunchScreen.storyboard;
			sourceTree = "<group>";
		};
/* End PBXVariantGroup section */

/* Begin XCBuildConfiguration section */
		5CA3255F2BC1D03100494156 /* Debug */ = {
			isa = XCBuildConfiguration;
			buildSettings = {
				ALWAYS_SEARCH_USER_PATHS = NO;
				ASSETCATALOG_COMPILER_GENERATE_SWIFT_ASSET_SYMBOL_EXTENSIONS = YES;
				CLANG_ANALYZER_NONNULL = YES;
				CLANG_ANALYZER_NUMBER_OBJECT_CONVERSION = YES_AGGRESSIVE;
				CLANG_CXX_LANGUAGE_STANDARD = "gnu++20";
				CLANG_ENABLE_MODULES = YES;
				CLANG_ENABLE_OBJC_ARC = YES;
				CLANG_ENABLE_OBJC_WEAK = YES;
				CLANG_WARN_BLOCK_CAPTURE_AUTORELEASING = YES;
				CLANG_WARN_BOOL_CONVERSION = YES;
				CLANG_WARN_COMMA = YES;
				CLANG_WARN_CONSTANT_CONVERSION = YES;
				CLANG_WARN_DEPRECATED_OBJC_IMPLEMENTATIONS = YES;
				CLANG_WARN_DIRECT_OBJC_ISA_USAGE = YES_ERROR;
				CLANG_WARN_DOCUMENTATION_COMMENTS = YES;
				CLANG_WARN_EMPTY_BODY = YES;
				CLANG_WARN_ENUM_CONVERSION = YES;
				CLANG_WARN_INFINITE_RECURSION = YES;
				CLANG_WARN_INT_CONVERSION = YES;
				CLANG_WARN_NON_LITERAL_NULL_CONVERSION = YES;
				CLANG_WARN_OBJC_IMPLICIT_RETAIN_SELF = YES;
				CLANG_WARN_OBJC_LITERAL_CONVERSION = YES;
				CLANG_WARN_OBJC_ROOT_CLASS = YES_ERROR;
				CLANG_WARN_QUOTED_INCLUDE_IN_FRAMEWORK_HEADER = YES;
				CLANG_WARN_RANGE_LOOP_ANALYSIS = YES;
				CLANG_WARN_STRICT_PROTOTYPES = YES;
				CLANG_WARN_SUSPICIOUS_MOVE = YES;
				CLANG_WARN_UNGUARDED_AVAILABILITY = YES_AGGRESSIVE;
				CLANG_WARN_UNREACHABLE_CODE = YES;
				CLANG_WARN__DUPLICATE_METHOD_MATCH = YES;
				COPY_PHASE_STRIP = NO;
				DEBUG_INFORMATION_FORMAT = dwarf;
				ENABLE_STRICT_OBJC_MSGSEND = YES;
				ENABLE_TESTABILITY = YES;
				ENABLE_USER_SCRIPT_SANDBOXING = NO;
				GCC_C_LANGUAGE_STANDARD = gnu17;
				GCC_DYNAMIC_NO_PIC = NO;
				GCC_NO_COMMON_BLOCKS = YES;
				GCC_OPTIMIZATION_LEVEL = 0;
				GCC_PREPROCESSOR_DEFINITIONS = (
					"DEBUG=1",
					"$(inherited)",
				);
				GCC_WARN_64_TO_32_BIT_CONVERSION = YES;
				GCC_WARN_ABOUT_RETURN_TYPE = YES_ERROR;
				GCC_WARN_UNDECLARED_SELECTOR = YES;
				GCC_WARN_UNINITIALIZED_AUTOS = YES_AGGRESSIVE;
				GCC_WARN_UNUSED_FUNCTION = YES;
				GCC_WARN_UNUSED_VARIABLE = YES;
				IPHONEOS_DEPLOYMENT_TARGET = 17.4;
				LOCALIZATION_PREFERS_STRING_CATALOGS = YES;
				MTL_ENABLE_DEBUG_INFO = INCLUDE_SOURCE;
				MTL_FAST_MATH = YES;
				ONLY_ACTIVE_ARCH = YES;
				SDKROOT = iphoneos;
				SWIFT_ACTIVE_COMPILATION_CONDITIONS = "DEBUG $(inherited)";
				SWIFT_OPTIMIZATION_LEVEL = "-Onone";
			};
			name = Debug;
		};
		5CA325602BC1D03100494156 /* Release */ = {
			isa = XCBuildConfiguration;
			buildSettings = {
				ALWAYS_SEARCH_USER_PATHS = NO;
				ASSETCATALOG_COMPILER_GENERATE_SWIFT_ASSET_SYMBOL_EXTENSIONS = YES;
				CLANG_ANALYZER_NONNULL = YES;
				CLANG_ANALYZER_NUMBER_OBJECT_CONVERSION = YES_AGGRESSIVE;
				CLANG_CXX_LANGUAGE_STANDARD = "gnu++20";
				CLANG_ENABLE_MODULES = YES;
				CLANG_ENABLE_OBJC_ARC = YES;
				CLANG_ENABLE_OBJC_WEAK = YES;
				CLANG_WARN_BLOCK_CAPTURE_AUTORELEASING = YES;
				CLANG_WARN_BOOL_CONVERSION = YES;
				CLANG_WARN_COMMA = YES;
				CLANG_WARN_CONSTANT_CONVERSION = YES;
				CLANG_WARN_DEPRECATED_OBJC_IMPLEMENTATIONS = YES;
				CLANG_WARN_DIRECT_OBJC_ISA_USAGE = YES_ERROR;
				CLANG_WARN_DOCUMENTATION_COMMENTS = YES;
				CLANG_WARN_EMPTY_BODY = YES;
				CLANG_WARN_ENUM_CONVERSION = YES;
				CLANG_WARN_INFINITE_RECURSION = YES;
				CLANG_WARN_INT_CONVERSION = YES;
				CLANG_WARN_NON_LITERAL_NULL_CONVERSION = YES;
				CLANG_WARN_OBJC_IMPLICIT_RETAIN_SELF = YES;
				CLANG_WARN_OBJC_LITERAL_CONVERSION = YES;
				CLANG_WARN_OBJC_ROOT_CLASS = YES_ERROR;
				CLANG_WARN_QUOTED_INCLUDE_IN_FRAMEWORK_HEADER = YES;
				CLANG_WARN_RANGE_LOOP_ANALYSIS = YES;
				CLANG_WARN_STRICT_PROTOTYPES = YES;
				CLANG_WARN_SUSPICIOUS_MOVE = YES;
				CLANG_WARN_UNGUARDED_AVAILABILITY = YES_AGGRESSIVE;
				CLANG_WARN_UNREACHABLE_CODE = YES;
				CLANG_WARN__DUPLICATE_METHOD_MATCH = YES;
				COPY_PHASE_STRIP = NO;
				DEBUG_INFORMATION_FORMAT = "dwarf-with-dsym";
				ENABLE_NS_ASSERTIONS = NO;
				ENABLE_STRICT_OBJC_MSGSEND = YES;
				ENABLE_USER_SCRIPT_SANDBOXING = NO;
				GCC_C_LANGUAGE_STANDARD = gnu17;
				GCC_NO_COMMON_BLOCKS = YES;
				GCC_WARN_64_TO_32_BIT_CONVERSION = YES;
				GCC_WARN_ABOUT_RETURN_TYPE = YES_ERROR;
				GCC_WARN_UNDECLARED_SELECTOR = YES;
				GCC_WARN_UNINITIALIZED_AUTOS = YES_AGGRESSIVE;
				GCC_WARN_UNUSED_FUNCTION = YES;
				GCC_WARN_UNUSED_VARIABLE = YES;
				IPHONEOS_DEPLOYMENT_TARGET = 17.4;
				LOCALIZATION_PREFERS_STRING_CATALOGS = YES;
				MTL_ENABLE_DEBUG_INFO = NO;
				MTL_FAST_MATH = YES;
				SDKROOT = iphoneos;
				SWIFT_COMPILATION_MODE = wholemodule;
				VALIDATE_PRODUCT = YES;
			};
			name = Release;
		};
		5CA325622BC1D03100494156 /* Debug */ = {
			isa = XCBuildConfiguration;
			baseConfigurationReference = 2E1649E86BA677E57C39F8B4 /* Pods-SearchApp_Kurly.debug.xcconfig */;
			buildSettings = {
				ASSETCATALOG_COMPILER_APPICON_NAME = AppIcon;
				ASSETCATALOG_COMPILER_GLOBAL_ACCENT_COLOR_NAME = AccentColor;
				CODE_SIGN_STYLE = Automatic;
				CURRENT_PROJECT_VERSION = 1;
				DEVELOPMENT_TEAM = Y3B2LLFV4M;
				GENERATE_INFOPLIST_FILE = YES;
				INFOPLIST_FILE = SearchApp_Kurly/Resources/Info.plist;
				INFOPLIST_KEY_UIApplicationSupportsIndirectInputEvents = YES;
				INFOPLIST_KEY_UILaunchStoryboardName = LaunchScreen;
				INFOPLIST_KEY_UISupportedInterfaceOrientations = UIInterfaceOrientationPortrait;
				INFOPLIST_KEY_UISupportedInterfaceOrientations_iPad = "UIInterfaceOrientationLandscapeLeft UIInterfaceOrientationLandscapeRight UIInterfaceOrientationPortrait UIInterfaceOrientationPortraitUpsideDown";
				IPHONEOS_DEPLOYMENT_TARGET = 16.0;
				LD_RUNPATH_SEARCH_PATHS = (
					"$(inherited)",
					"@executable_path/Frameworks",
				);
				MARKETING_VERSION = 1.0;
				PRODUCT_BUNDLE_IDENTIFIER = "com.moon.SearchApp-Kurly";
				PRODUCT_NAME = "$(TARGET_NAME)";
				SUPPORTED_PLATFORMS = "iphoneos iphonesimulator";
				SUPPORTS_MACCATALYST = NO;
				SUPPORTS_MAC_DESIGNED_FOR_IPHONE_IPAD = NO;
				SUPPORTS_XR_DESIGNED_FOR_IPHONE_IPAD = NO;
				SWIFT_EMIT_LOC_STRINGS = YES;
				SWIFT_VERSION = 5.0;
				TARGETED_DEVICE_FAMILY = 1;
			};
			name = Debug;
		};
		5CA325632BC1D03100494156 /* Release */ = {
			isa = XCBuildConfiguration;
			baseConfigurationReference = F3CA30D48EB559D8FE39BA96 /* Pods-SearchApp_Kurly.release.xcconfig */;
			buildSettings = {
				ASSETCATALOG_COMPILER_APPICON_NAME = AppIcon;
				ASSETCATALOG_COMPILER_GLOBAL_ACCENT_COLOR_NAME = AccentColor;
				CODE_SIGN_STYLE = Automatic;
				CURRENT_PROJECT_VERSION = 1;
				DEVELOPMENT_TEAM = Y3B2LLFV4M;
				GENERATE_INFOPLIST_FILE = YES;
				INFOPLIST_FILE = SearchApp_Kurly/Resources/Info.plist;
				INFOPLIST_KEY_UIApplicationSupportsIndirectInputEvents = YES;
				INFOPLIST_KEY_UILaunchStoryboardName = LaunchScreen;
				INFOPLIST_KEY_UISupportedInterfaceOrientations = UIInterfaceOrientationPortrait;
				INFOPLIST_KEY_UISupportedInterfaceOrientations_iPad = "UIInterfaceOrientationLandscapeLeft UIInterfaceOrientationLandscapeRight UIInterfaceOrientationPortrait UIInterfaceOrientationPortraitUpsideDown";
				IPHONEOS_DEPLOYMENT_TARGET = 16.0;
				LD_RUNPATH_SEARCH_PATHS = (
					"$(inherited)",
					"@executable_path/Frameworks",
				);
				MARKETING_VERSION = 1.0;
				PRODUCT_BUNDLE_IDENTIFIER = "com.moon.SearchApp-Kurly";
				PRODUCT_NAME = "$(TARGET_NAME)";
				SUPPORTED_PLATFORMS = "iphoneos iphonesimulator";
				SUPPORTS_MACCATALYST = NO;
				SUPPORTS_MAC_DESIGNED_FOR_IPHONE_IPAD = NO;
				SUPPORTS_XR_DESIGNED_FOR_IPHONE_IPAD = NO;
				SWIFT_EMIT_LOC_STRINGS = YES;
				SWIFT_VERSION = 5.0;
				TARGETED_DEVICE_FAMILY = 1;
			};
			name = Release;
		};
		5CA325652BC1D03100494156 /* Debug */ = {
			isa = XCBuildConfiguration;
			baseConfigurationReference = 2AA7A32F8D6F156BC3F36688 /* Pods-SearchApp_KurlyTests.debug.xcconfig */;
			buildSettings = {
				ALWAYS_EMBED_SWIFT_STANDARD_LIBRARIES = YES;
				BUNDLE_LOADER = "$(TEST_HOST)";
				CODE_SIGN_STYLE = Automatic;
				CURRENT_PROJECT_VERSION = 1;
				DEVELOPMENT_TEAM = Y3B2LLFV4M;
				GENERATE_INFOPLIST_FILE = YES;
				IPHONEOS_DEPLOYMENT_TARGET = 17.4;
				MARKETING_VERSION = 1.0;
				PRODUCT_BUNDLE_IDENTIFIER = "com.moon.SearchApp-KurlyTests";
				PRODUCT_NAME = "$(TARGET_NAME)";
				SWIFT_EMIT_LOC_STRINGS = NO;
				SWIFT_VERSION = 5.0;
				TARGETED_DEVICE_FAMILY = "1,2";
				TEST_HOST = "$(BUILT_PRODUCTS_DIR)/SearchApp_Kurly.app/$(BUNDLE_EXECUTABLE_FOLDER_PATH)/SearchApp_Kurly";
			};
			name = Debug;
		};
		5CA325662BC1D03100494156 /* Release */ = {
			isa = XCBuildConfiguration;
			baseConfigurationReference = A1507969E636948091D750F6 /* Pods-SearchApp_KurlyTests.release.xcconfig */;
			buildSettings = {
				ALWAYS_EMBED_SWIFT_STANDARD_LIBRARIES = YES;
				BUNDLE_LOADER = "$(TEST_HOST)";
				CODE_SIGN_STYLE = Automatic;
				CURRENT_PROJECT_VERSION = 1;
				DEVELOPMENT_TEAM = Y3B2LLFV4M;
				GENERATE_INFOPLIST_FILE = YES;
				IPHONEOS_DEPLOYMENT_TARGET = 17.4;
				MARKETING_VERSION = 1.0;
				PRODUCT_BUNDLE_IDENTIFIER = "com.moon.SearchApp-KurlyTests";
				PRODUCT_NAME = "$(TARGET_NAME)";
				SWIFT_EMIT_LOC_STRINGS = NO;
				SWIFT_VERSION = 5.0;
				TARGETED_DEVICE_FAMILY = "1,2";
				TEST_HOST = "$(BUILT_PRODUCTS_DIR)/SearchApp_Kurly.app/$(BUNDLE_EXECUTABLE_FOLDER_PATH)/SearchApp_Kurly";
			};
			name = Release;
		};
		5CA325682BC1D03100494156 /* Debug */ = {
			isa = XCBuildConfiguration;
			baseConfigurationReference = 0B5E12B76DBF173C1420C323 /* Pods-SearchApp_Kurly-SearchApp_KurlyUITests.debug.xcconfig */;
			buildSettings = {
				ALWAYS_EMBED_SWIFT_STANDARD_LIBRARIES = YES;
				CODE_SIGN_STYLE = Automatic;
				CURRENT_PROJECT_VERSION = 1;
				DEVELOPMENT_TEAM = Y3B2LLFV4M;
				GENERATE_INFOPLIST_FILE = YES;
				MARKETING_VERSION = 1.0;
				PRODUCT_BUNDLE_IDENTIFIER = "com.moon.SearchApp-KurlyUITests";
				PRODUCT_NAME = "$(TARGET_NAME)";
				SWIFT_EMIT_LOC_STRINGS = NO;
				SWIFT_VERSION = 5.0;
				TARGETED_DEVICE_FAMILY = "1,2";
				TEST_TARGET_NAME = SearchApp_Kurly;
			};
			name = Debug;
		};
		5CA325692BC1D03100494156 /* Release */ = {
			isa = XCBuildConfiguration;
			baseConfigurationReference = 574304737DE6AA4C066EDBE3 /* Pods-SearchApp_Kurly-SearchApp_KurlyUITests.release.xcconfig */;
			buildSettings = {
				ALWAYS_EMBED_SWIFT_STANDARD_LIBRARIES = YES;
				CODE_SIGN_STYLE = Automatic;
				CURRENT_PROJECT_VERSION = 1;
				DEVELOPMENT_TEAM = Y3B2LLFV4M;
				GENERATE_INFOPLIST_FILE = YES;
				MARKETING_VERSION = 1.0;
				PRODUCT_BUNDLE_IDENTIFIER = "com.moon.SearchApp-KurlyUITests";
				PRODUCT_NAME = "$(TARGET_NAME)";
				SWIFT_EMIT_LOC_STRINGS = NO;
				SWIFT_VERSION = 5.0;
				TARGETED_DEVICE_FAMILY = "1,2";
				TEST_TARGET_NAME = SearchApp_Kurly;
			};
			name = Release;
		};
/* End XCBuildConfiguration section */

/* Begin XCConfigurationList section */
		5CA325322BC1D03000494156 /* Build configuration list for PBXProject "SearchApp_Kurly" */ = {
			isa = XCConfigurationList;
			buildConfigurations = (
				5CA3255F2BC1D03100494156 /* Debug */,
				5CA325602BC1D03100494156 /* Release */,
			);
			defaultConfigurationIsVisible = 0;
			defaultConfigurationName = Release;
		};
		5CA325612BC1D03100494156 /* Build configuration list for PBXNativeTarget "SearchApp_Kurly" */ = {
			isa = XCConfigurationList;
			buildConfigurations = (
				5CA325622BC1D03100494156 /* Debug */,
				5CA325632BC1D03100494156 /* Release */,
			);
			defaultConfigurationIsVisible = 0;
			defaultConfigurationName = Release;
		};
		5CA325642BC1D03100494156 /* Build configuration list for PBXNativeTarget "SearchApp_KurlyTests" */ = {
			isa = XCConfigurationList;
			buildConfigurations = (
				5CA325652BC1D03100494156 /* Debug */,
				5CA325662BC1D03100494156 /* Release */,
			);
			defaultConfigurationIsVisible = 0;
			defaultConfigurationName = Release;
		};
		5CA325672BC1D03100494156 /* Build configuration list for PBXNativeTarget "SearchApp_KurlyUITests" */ = {
			isa = XCConfigurationList;
			buildConfigurations = (
				5CA325682BC1D03100494156 /* Debug */,
				5CA325692BC1D03100494156 /* Release */,
			);
			defaultConfigurationIsVisible = 0;
			defaultConfigurationName = Release;
		};
/* End XCConfigurationList section */
	};
	rootObject = 5CA3252F2BC1D03000494156 /* Project object */;
}
